
Microsoft Visual Studio Solution File, Format Version 11.00
# Visual Studio 2010
Project("{FAE04EC0-301F-11D3-BF4B-00C04F79EFBC}") = "ICalcPlugin", "ICalcPlugin\ICalcPlugin.csproj", "{B520F6A9-3815-497C-A212-2FDFAE3613A1}"
EndProject
Global
	GlobalSection(SolutionConfigurationPlatforms) = preSolution
		Debug|Any CPU = Debug|Any CPU
		Release|Any CPU = Release|Any CPU
	EndGlobalSection
	GlobalSection(ProjectConfigurationPlatforms) = postSolution
		{B520F6A9-3815-497C-A212-2FDFAE3613A1}.Debug|Any CPU.ActiveCfg = Debug|Any CPU
		{B520F6A9-3815-497C-A212-2FDFAE3613A1}.Debug|Any CPU.Build.0 = Debug|Any CPU
		{B520F6A9-3815-497C-A212-2FDFAE3613A1}.Release|Any CPU.ActiveCfg = Release|Any CPU
		{B520F6A9-3815-497C-A212-2FDFAE3613A1}.Release|Any CPU.Build.0 = Release|Any CPU
	EndGlobalSection
	GlobalSection(SolutionProperties) = preSolution
		HideSolutionNode = FALSE
	EndGlobalSection
EndGlobal
